{
    "_readme": [
        "This file locks the dependencies of your project to a known state",
        "Read more about it at https://getcomposer.org/doc/01-basic-usage.md#composer-lock-the-lock-file",
        "This file is @generated automatically"
    ],
    "content-hash": "41775ffb2b8222299182b8bacea9f90d",
    "packages": [
        {
            "name": "composer/installers",
            "version": "v1.5.0",
            "source": {
                "type": "git",
                "url": "https://github.com/composer/installers.git",
                "reference": "049797d727261bf27f2690430d935067710049c2"
            },
            "dist": {
                "type": "zip",
                "url": "https://api.github.com/repos/composer/installers/zipball/049797d727261bf27f2690430d935067710049c2",
                "reference": "049797d727261bf27f2690430d935067710049c2",
                "shasum": ""
            },
            "require": {
                "composer-plugin-api": "^1.0"
            },
            "replace": {
                "roundcube/plugin-installer": "*",
                "shama/baton": "*"
            },
            "require-dev": {
                "composer/composer": "1.0.*@dev",
                "phpunit/phpunit": "^4.8.36"
            },
            "type": "composer-plugin",
            "extra": {
                "class": "Composer\\Installers\\Plugin",
                "branch-alias": {
                    "dev-master": "1.0-dev"
                }
            },
            "autoload": {
                "psr-4": {
                    "Composer\\Installers\\": "src/Composer/Installers"
                }
            },
            "notification-url": "https://packagist.org/downloads/",
            "license": [
                "MIT"
            ],
            "authors": [
                {
                    "name": "Kyle Robinson Young",
                    "email": "kyle@dontkry.com",
                    "homepage": "https://github.com/shama"
                }
            ],
            "description": "A multi-framework Composer library installer",
            "homepage": "https://composer.github.io/installers/",
            "keywords": [
                "Craft",
                "Dolibarr",
                "Eliasis",
                "Hurad",
                "ImageCMS",
                "Kanboard",
                "Lan Management System",
                "MODX Evo",
                "Mautic",
                "Maya",
                "OXID",
                "Plentymarkets",
                "Porto",
                "RadPHP",
                "SMF",
                "Thelia",
                "WolfCMS",
                "agl",
                "aimeos",
                "annotatecms",
                "attogram",
                "bitrix",
                "cakephp",
                "chef",
                "cockpit",
                "codeigniter",
                "concrete5",
                "croogo",
                "dokuwiki",
                "drupal",
                "eZ Platform",
                "elgg",
                "expressionengine",
                "fuelphp",
                "grav",
                "installer",
                "itop",
                "joomla",
                "kohana",
                "laravel",
                "lavalite",
                "lithium",
                "magento",
                "majima",
                "mako",
                "mediawiki",
                "modulework",
                "modx",
                "moodle",
                "osclass",
                "phpbb",
                "piwik",
                "ppi",
                "puppet",
                "pxcms",
                "reindex",
                "roundcube",
                "shopware",
                "silverstripe",
                "sydes",
                "symfony",
                "typo3",
                "wordpress",
                "yawik",
                "zend",
                "zikula"
            ],
            "time": "2017-12-29T09:13:20+00:00"
        },
        {
            "name": "mustangostang/spyc",
            "version": "0.6.2",
            "source": {
                "type": "git",
                "url": "https://github.com/mustangostang/spyc.git",
                "reference": "23c35ae854d835f2d7bcc3e3ad743d7e57a8c14d"
            },
            "dist": {
                "type": "zip",
                "url": "https://api.github.com/repos/mustangostang/spyc/zipball/23c35ae854d835f2d7bcc3e3ad743d7e57a8c14d",
                "reference": "23c35ae854d835f2d7bcc3e3ad743d7e57a8c14d",
                "shasum": ""
            },
            "require": {
                "php": ">=5.3.1"
            },
            "require-dev": {
                "phpunit/phpunit": "4.3.*@dev"
            },
            "type": "library",
            "extra": {
                "branch-alias": {
                    "dev-master": "0.5.x-dev"
                }
            },
            "autoload": {
                "files": [
                    "Spyc.php"
                ]
            },
            "notification-url": "https://packagist.org/downloads/",
            "license": [
                "MIT"
            ],
            "authors": [
                {
                    "name": "mustangostang",
                    "email": "vlad.andersen@gmail.com"
                }
            ],
            "description": "A simple YAML loader/dumper class for PHP",
            "homepage": "https://github.com/mustangostang/spyc/",
            "keywords": [
                "spyc",
                "yaml",
                "yml"
            ],
            "time": "2017-02-24T16:06:33+00:00"
        },
        {
            "name": "silverstripe/cms",
            "version": "3.7.0",
            "source": {
                "type": "git",
                "url": "https://github.com/silverstripe/silverstripe-cms.git",
                "reference": "59a50dab0b2c8a46af5076266d440934e99778e6"
            },
            "dist": {
                "type": "zip",
                "url": "https://api.github.com/repos/silverstripe/silverstripe-cms/zipball/59a50dab0b2c8a46af5076266d440934e99778e6",
                "reference": "59a50dab0b2c8a46af5076266d440934e99778e6",
                "shasum": ""
            },
            "require": {
                "composer/installers": "*",
                "php": ">=5.3.3",
                "silverstripe/framework": "~3.4",
                "silverstripe/reports": "~3.4",
                "silverstripe/siteconfig": "~3.4"
            },
            "require-dev": {
                "phpunit/phpunit": "^3 || ^4 || ^5"
            },
            "type": "silverstripe-module",
            "autoload": {
                "classmap": [
                    "tests/behat/",
                    "code"
                ]
            },
            "notification-url": "https://packagist.org/downloads/",
            "license": [
                "BSD-3-Clause"
            ],
            "authors": [
                {
                    "name": "SilverStripe",
                    "homepage": "http://silverstripe.com"
                },
                {
                    "name": "The SilverStripe Community",
                    "homepage": "http://silverstripe.org"
                }
            ],
            "description": "The SilverStripe Content Management System",
            "homepage": "http://silverstripe.org",
            "keywords": [
                "cms",
                "silverstripe"
            ],
            "time": "2018-06-08T00:19:32+00:00"
        },
        {
            "name": "silverstripe/display-logic",
            "version": "1.5.0",
            "source": {
                "type": "git",
                "url": "https://github.com/unclecheese/silverstripe-display-logic.git",
                "reference": "b3552c42abcb64c85dbdf9b47cbb49b92b2ebdc4"
            },
            "dist": {
                "type": "zip",
                "url": "https://api.github.com/repos/unclecheese/silverstripe-display-logic/zipball/b3552c42abcb64c85dbdf9b47cbb49b92b2ebdc4",
                "reference": "b3552c42abcb64c85dbdf9b47cbb49b92b2ebdc4",
                "shasum": ""
            },
            "require": {
                "silverstripe/framework": "^3.1"
            },
            "replace": {
                "silverstripe/display-logic": "*"
            },
            "type": "silverstripe-module",
            "extra": {
                "installer-name": "display_logic",
                "branch-alias": {
                    "dev-master": "1.4.x-dev"
                }
            },
            "notification-url": "https://packagist.org/downloads/",
            "license": [
                "BSD-3-Clause"
            ],
            "authors": [
                {
                    "name": "Uncle Cheese",
                    "email": "unclecheese@leftandmain.com"
                }
            ],
            "description": "Allows assignment of conditions for display and hide of specific form fields based on client side behavior.",
            "keywords": [
                "Forms",
                "cms",
                "display",
                "logic",
                "silverstripe"
            ],
            "time": "2017-01-06T09:46:49+00:00"
        },
        {
            "name": "silverstripe/framework",
            "version": "3.7.0",
            "source": {
                "type": "git",
                "url": "https://github.com/silverstripe/silverstripe-framework.git",
                "reference": "d9261af1f3201fcea0d67a72b6fa1408ec69effc"
            },
            "dist": {
                "type": "zip",
                "url": "https://api.github.com/repos/silverstripe/silverstripe-framework/zipball/d9261af1f3201fcea0d67a72b6fa1408ec69effc",
                "reference": "d9261af1f3201fcea0d67a72b6fa1408ec69effc",
                "shasum": ""
            },
            "require": {
                "composer/installers": "~1.0",
                "mustangostang/spyc": "^0.6.2",
                "php": "^5.3.3 || ^7"
            },
            "require-dev": {
                "phpunit/phpunit": "^3 || ^4 || ^5"
            },
            "type": "silverstripe-module",
            "autoload": {
                "psr-0": {
                    "SilverStripe\\": "src/",
                    "Zend_": "thirdparty/Zend/"
                },
                "classmap": [
                    "tests/behat/features/bootstrap",
                    "admin/code",
                    "api",
                    "cache",
                    "cli",
                    "control",
                    "core",
                    "dev",
                    "email",
                    "filesystem",
                    "forms",
                    "i18n",
                    "model",
                    "oembed",
                    "parsers",
                    "search",
                    "security",
                    "tasks",
                    "view",
                    "thirdparty/php-peg",
                    "thirdparty/simpletest",
                    "thirdparty/zend_translate_railsyaml"
                ],
                "exclude-from-classmap": [
                    "view/SSTemplateParser.php.inc",
                    "dev/phpunit/PhpUnitWrapper.php",
                    "model/fieldtypes/compat",
                    "core/compat"
                ]
            },
            "notification-url": "https://packagist.org/downloads/",
            "license": [
                "BSD-3-Clause"
            ],
            "authors": [
                {
                    "name": "SilverStripe",
                    "homepage": "http://silverstripe.com"
                },
                {
                    "name": "The SilverStripe Community",
                    "homepage": "http://silverstripe.org"
                }
            ],
            "description": "The SilverStripe framework",
            "homepage": "http://silverstripe.org",
            "keywords": [
                "framework",
                "silverstripe"
            ],
            "time": "2018-06-08T00:19:40+00:00"
        },
        {
            "name": "silverstripe/reports",
            "version": "3.7.0",
            "source": {
                "type": "git",
                "url": "https://github.com/silverstripe/silverstripe-reports.git",
                "reference": "94eace4f456342076e103853ad31ffb540160f0c"
            },
            "dist": {
                "type": "zip",
                "url": "https://api.github.com/repos/silverstripe/silverstripe-reports/zipball/94eace4f456342076e103853ad31ffb540160f0c",
                "reference": "94eace4f456342076e103853ad31ffb540160f0c",
                "shasum": ""
            },
            "require": {
                "php": "^5.3.3 || ^7",
                "silverstripe/framework": "~3.3"
            },
            "require-dev": {
                "phpunit/phpunit": "^3 || ^4 || ^5"
            },
            "type": "silverstripe-module",
            "autoload": {
                "classmap": [
                    "code"
                ]
            },
            "notification-url": "https://packagist.org/downloads/",
            "license": [
                "BSD-3-Clause"
            ],
            "authors": [
                {
                    "name": "SilverStripe",
                    "homepage": "http://silverstripe.com"
                },
                {
                    "name": "The SilverStripe Community",
                    "homepage": "http://silverstripe.org"
                }
            ],
            "description": "Reports module for SilverStripe CMS",
            "homepage": "http://silverstripe.org",
            "keywords": [
                "cms",
                "reports",
                "silverstripe"
            ],
            "time": "2018-06-08T00:19:36+00:00"
        },
        {
            "name": "silverstripe/selectupload",
            "version": "1.0.7",
            "source": {
                "type": "git",
                "url": "https://github.com/silverstripe/silverstripe-selectupload.git",
                "reference": "fe5440e971ac0f76d1ec36fc123410a0a423b0f6"
            },
            "dist": {
                "type": "zip",
                "url": "https://api.github.com/repos/silverstripe/silverstripe-selectupload/zipball/fe5440e971ac0f76d1ec36fc123410a0a423b0f6",
                "reference": "fe5440e971ac0f76d1ec36fc123410a0a423b0f6",
                "shasum": ""
            },
            "require": {
                "silverstripe/framework": "~3.1"
            },
            "require-dev": {
                "phpunit/phpunit": "~3.7@stable"
            },
            "type": "silverstripe-module",
            "notification-url": "https://packagist.org/downloads/",
            "license": [
                "BSD-3-Clause"
            ],
            "authors": [
                {
                    "name": "Damian Mooyman",
                    "email": "damian@silverstripe.com"
                }
            ],
            "description": "Enables files to be uploaded into a user-designated folder",
            "keywords": [
                "cwp",
                "file",
                "silverstripe",
                "upload"
            ],
            "time": "2017-08-25T04:15:22+00:00"
        },
        {
            "name": "silverstripe/siteconfig",
            "version": "3.7.0",
            "source": {
                "type": "git",
                "url": "https://github.com/silverstripe/silverstripe-siteconfig.git",
                "reference": "b753b732801f8adbff4670b2893762e3c5a99ea0"
            },
            "dist": {
                "type": "zip",
                "url": "https://api.github.com/repos/silverstripe/silverstripe-siteconfig/zipball/b753b732801f8adbff4670b2893762e3c5a99ea0",
                "reference": "b753b732801f8adbff4670b2893762e3c5a99ea0",
                "shasum": ""
            },
            "require": {
                "silverstripe/framework": "*"
            },
            "require-dev": {
                "phpunit/phpunit": "^3 || ^4 || ^5"
            },
            "type": "silverstripe-module",
            "extra": {
                "installer-name": "siteconfig"
            },
            "autoload": {
                "classmap": [
                    "code"
                ]
            },
            "notification-url": "https://packagist.org/downloads/",
            "authors": [
                {
                    "name": "Will Rossiter",
                    "email": "will@fullscreen.io"
                }
            ],
            "description": "Site wide settings administration.",
            "keywords": [
                "silverstripe",
                "siteconfig"
            ],
            "time": "2018-06-08T00:19:37+00:00"
        },
        {
            "name": "unclecheese/betterbuttons",
            "version": "1.3.14",
            "source": {
                "type": "git",
                "url": "https://github.com/unclecheese/silverstripe-gridfield-betterbuttons.git",
                "reference": "71f9653f51420ca07a33024bd8fe4396ee532bdb"
            },
            "dist": {
                "type": "zip",
                "url": "https://api.github.com/repos/unclecheese/silverstripe-gridfield-betterbuttons/zipball/71f9653f51420ca07a33024bd8fe4396ee532bdb",
                "reference": "71f9653f51420ca07a33024bd8fe4396ee532bdb",
                "shasum": ""
            },
            "require": {
                "silverstripe/framework": "~3.1"
            },
            "type": "silverstripe-module",
            "notification-url": "https://packagist.org/downloads/",
            "license": [
                "GNU"
            ],
            "authors": [
                {
                    "name": "Uncle Cheese",
                    "email": "unclecheese@leftandmain.com"
                }
            ],
            "description": "Adds new form actions and buttons to GridField detail form for usability enhancements.",
            "keywords": [
                "buttons",
                "gridfield",
                "silverstripe"
            ],
            "time": "2017-01-20T08:51:05+00:00"
        },
        {
            "name": "unclecheese/dropzone",
            "version": "1.4.13",
            "source": {
                "type": "git",
                "url": "https://github.com/unclecheese/silverstripe-dropzone.git",
                "reference": "f942bc8c47a8fd05554dff1ce6d1446a98a40968"
            },
            "dist": {
                "type": "zip",
                "url": "https://api.github.com/repos/unclecheese/silverstripe-dropzone/zipball/f942bc8c47a8fd05554dff1ce6d1446a98a40968",
                "reference": "f942bc8c47a8fd05554dff1ce6d1446a98a40968",
                "shasum": ""
            },
            "require": {
                "silverstripe/framework": "3.*"
            },
            "type": "silverstripe-module",
            "extra": {
                "installer-name": "dropzone"
            },
            "notification-url": "https://packagist.org/downloads/",
            "license": [
                "BSD-3-Clause"
            ],
            "authors": [
                {
                    "name": "Uncle Cheese",
                    "email": "unclecheese@leftandmain.com"
                }
            ],
            "description": "An HTML5 upload field for the CMS and frontend forms.",
            "keywords": [
                "Forms",
                "cms",
                "files",
                "silverstripe",
                "upload",
                "uploader"
            ],
            "time": "2018-01-08T22:25:35+00:00"
        },
        {
            "name": "unclecheese/silverstripe-kickassets",
            "version": "3.3.3",
            "source": {
                "type": "git",
                "url": "https://github.com/unclecheese/silverstripe-kickassets.git",
                "reference": "1c3cc9655479677ad6628a48071e5a933619b4e7"
            },
            "dist": {
                "type": "zip",
                "url": "https://api.github.com/repos/unclecheese/silverstripe-kickassets/zipball/1c3cc9655479677ad6628a48071e5a933619b4e7",
                "reference": "1c3cc9655479677ad6628a48071e5a933619b4e7",
                "shasum": ""
            },
            "require": {
                "php": ">=5.3.0",
                "silverstripe/cms": ">= 3.1.0",
                "silverstripe/framework": ">= 3.1.0",
                "unclecheese/dropzone": "^1.4"
            },
            "replace": {
                "silverstripe/kickassets": "*",
                "unclecheese/kickassets": "*"
            },
            "type": "silverstripe-module",
            "extra": {
                "installer-name": "kickassets"
            },
            "notification-url": "https://packagist.org/downloads/",
            "license": [
                "BSD-3-Clause"
            ],
            "authors": [
                {
                    "name": "Uncle Cheese",
                    "email": "unclecheese@leftandmain.com"
                }
            ],
            "description": "Provides an alternative file management interface for SilverStripe CMS with drag-and-drop, multi-selection, and several other desktop-like UI conventions.",
            "keywords": [
                "AssetAdmin",
                "assets",
                "files",
                "silverstripe",
                "upload"
            ],
            "time": "2018-01-06T21:45:05+00:00"
        }
    ],
    "packages-dev": [],
    "aliases": [],
    "minimum-stability": "dev",
    "stability-flags": [],
    "prefer-stable": true,
    "prefer-lowest": false,
    "platform": {
        "php": "^7.1.10"
    },
    "platform-dev": []
}
